
Microsoft Visual Studio Solution File, Format Version 12.00
# Visual Studio Version 17
VisualStudioVersion = 17.0.31912.275
MinimumVisualStudioVersion = 10.0.40219.1
Project("{FAE04EC0-301F-11D3-BF4B-00C04F79EFBC}") = "Web", "Web\Web.csproj", "{DD5A8CA7-E68A-4782-9F56-70E93A94638A}"
EndProject
Project("{FAE04EC0-301F-11D3-BF4B-00C04F79EFBC}") = "Repository", "Repository\Repository.csproj", "{F9C54026-8669-4083-9346-B52E78931201}"
EndProject
Project("{FAE04EC0-301F-11D3-BF4B-00C04F79EFBC}") = "Domain", "Domain\Domain.csproj", "{C69DB749-CD44-4EB3-9E75-71AE56030AF5}"
EndProject
Project("{FAE04EC0-301F-11D3-BF4B-00C04F79EFBC}") = "Application", "Application\Application.csproj", "{9AF20A2B-E13A-4D45-B261-BA01D5BA2ED9}"
EndProject
Project("{FAE04EC0-301F-11D3-BF4B-00C04F79EFBC}") = "Model", "Model\Model.csproj", "{5F24D7A3-685B-452B-92BC-E428D430A515}"
EndProject
Project("{FAE04EC0-301F-11D3-BF4B-00C04F79EFBC}") = "UnitTest", "UnitTest\UnitTest.csproj", "{2E8BED45-D025-41A9-BFD1-CCC533D34FAD}"
EndProject
Global
	GlobalSection(SolutionConfigurationPlatforms) = preSolution
		Debug|Any CPU = Debug|Any CPU
		Release|Any CPU = Release|Any CPU
	EndGlobalSection
	GlobalSection(ProjectConfigurationPlatforms) = postSolution
		{DD5A8CA7-E68A-4782-9F56-70E93A94638A}.Debug|Any CPU.ActiveCfg = Debug|Any CPU
		{DD5A8CA7-E68A-4782-9F56-70E93A94638A}.Debug|Any CPU.Build.0 = Debug|Any CPU
		{DD5A8CA7-E68A-4782-9F56-70E93A94638A}.Release|Any CPU.ActiveCfg = Release|Any CPU
		{DD5A8CA7-E68A-4782-9F56-70E93A94638A}.Release|Any CPU.Build.0 = Release|Any CPU
		{F9C54026-8669-4083-9346-B52E78931201}.Debug|Any CPU.ActiveCfg = Debug|Any CPU
		{F9C54026-8669-4083-9346-B52E78931201}.Debug|Any CPU.Build.0 = Debug|Any CPU
		{F9C54026-8669-4083-9346-B52E78931201}.Release|Any CPU.ActiveCfg = Release|Any CPU
		{F9C54026-8669-4083-9346-B52E78931201}.Release|Any CPU.Build.0 = Release|Any CPU
		{C69DB749-CD44-4EB3-9E75-71AE56030AF5}.Debug|Any CPU.ActiveCfg = Debug|Any CPU
		{C69DB749-CD44-4EB3-9E75-71AE56030AF5}.Debug|Any CPU.Build.0 = Debug|Any CPU
		{C69DB749-CD44-4EB3-9E75-71AE56030AF5}.Release|Any CPU.ActiveCfg = Release|Any CPU
		{C69DB749-CD44-4EB3-9E75-71AE56030AF5}.Release|Any CPU.Build.0 = Release|Any CPU
		{9AF20A2B-E13A-4D45-B261-BA01D5BA2ED9}.Debug|Any CPU.ActiveCfg = Debug|Any CPU
		{9AF20A2B-E13A-4D45-B261-BA01D5BA2ED9}.Debug|Any CPU.Build.0 = Debug|Any CPU
		{9AF20A2B-E13A-4D45-B261-BA01D5BA2ED9}.Release|Any CPU.ActiveCfg = Release|Any CPU
		{9AF20A2B-E13A-4D45-B261-BA01D5BA2ED9}.Release|Any CPU.Build.0 = Release|Any CPU
		{5F24D7A3-685B-452B-92BC-E428D430A515}.Debug|Any CPU.ActiveCfg = Debug|Any CPU
		{5F24D7A3-685B-452B-92BC-E428D430A515}.Debug|Any CPU.Build.0 = Debug|Any CPU
		{5F24D7A3-685B-452B-92BC-E428D430A515}.Release|Any CPU.ActiveCfg = Release|Any CPU
		{5F24D7A3-685B-452B-92BC-E428D430A515}.Release|Any CPU.Build.0 = Release|Any CPU
		{2E8BED45-D025-41A9-BFD1-CCC533D34FAD}.Debug|Any CPU.ActiveCfg = Debug|Any CPU
		{2E8BED45-D025-41A9-BFD1-CCC533D34FAD}.Debug|Any CPU.Build.0 = Debug|Any CPU
		{2E8BED45-D025-41A9-BFD1-CCC533D34FAD}.Release|Any CPU.ActiveCfg = Release|Any CPU
		{2E8BED45-D025-41A9-BFD1-CCC533D34FAD}.Release|Any CPU.Build.0 = Release|Any CPU
	EndGlobalSection
	GlobalSection(SolutionProperties) = preSolution
		HideSolutionNode = FALSE
	EndGlobalSection
	GlobalSection(ExtensibilityGlobals) = postSolution
		SolutionGuid = {E66F974B-706C-4214-A3F4-2BD73FFE1B2C}
	EndGlobalSection
EndGlobal
