
Microsoft Visual Studio Solution File, Format Version 12.00
# Visual Studio Version 17
VisualStudioVersion = 17.0.31912.275
MinimumVisualStudioVersion = 10.0.40219.1
Project("{FAE04EC0-301F-11D3-BF4B-00C04F79EFBC}") = "Web", "Web\Web.csproj", "{DD5A8CA7-E68A-4782-9F56-70E93A94638A}"
EndProject
Global
	GlobalSection(SolutionConfigurationPlatforms) = preSolution
		Debug|Any CPU = Debug|Any CPU
		Release|Any CPU = Release|Any CPU
	EndGlobalSection
	GlobalSection(ProjectConfigurationPlatforms) = postSolution
		{DD5A8CA7-E68A-4782-9F56-70E93A94638A}.Debug|Any CPU.ActiveCfg = Debug|Any CPU
		{DD5A8CA7-E68A-4782-9F56-70E93A94638A}.Debug|Any CPU.Build.0 = Debug|Any CPU
		{DD5A8CA7-E68A-4782-9F56-70E93A94638A}.Release|Any CPU.ActiveCfg = Release|Any CPU
		{DD5A8CA7-E68A-4782-9F56-70E93A94638A}.Release|Any CPU.Build.0 = Release|Any CPU
	EndGlobalSection
	GlobalSection(SolutionProperties) = preSolution
		HideSolutionNode = FALSE
	EndGlobalSection
	GlobalSection(ExtensibilityGlobals) = postSolution
		SolutionGuid = {E66F974B-706C-4214-A3F4-2BD73FFE1B2C}
	EndGlobalSection
EndGlobal
